
Microsoft Visual Studio Solution File, Format Version 12.00
# Visual Studio Version 16
VisualStudioVersion = 16.0.29102.190
MinimumVisualStudioVersion = 10.0.40219.1
Project("{2150E333-8FDC-42A3-9474-1A3956D46DE8}") = "1. Presentation", "1. Presentation", "{88A8CD73-A7D2-447E-96D2-48D8A2B4789C}"
EndProject
Project("{2150E333-8FDC-42A3-9474-1A3956D46DE8}") = "2. Source", "2. Source", "{A0434B32-23A3-4824-A6E4-42F8BC227129}"
EndProject
Project("{2150E333-8FDC-42A3-9474-1A3956D46DE8}") = "3. Model", "3. Model", "{5FBA7704-94AA-47D4-9082-51C007ECE419}"
EndProject
Project("{FAE04EC0-301F-11D3-BF4B-00C04F79EFBC}") = "LacingAdmin.Web", "LacingAdmin.Web\LacingAdmin.Web.csproj", "{ECA39441-F99A-4E60-BD15-55068E9882CA}"
EndProject
Project("{FAE04EC0-301F-11D3-BF4B-00C04F79EFBC}") = "LacingAdmin.DataAccess", "LacingAdmin.DataAccess\LacingAdmin.DataAccess.csproj", "{FC9E72AC-7C47-4BD2-938C-F25B42CEF8BE}"
EndProject
Project("{FAE04EC0-301F-11D3-BF4B-00C04F79EFBC}") = "LacingAdmin.IDataAccess", "LacingAdmin.IDataAccess\LacingAdmin.IDataAccess.csproj", "{9793FCEB-32A9-4EF5-BD3E-1D1860766E1D}"
EndProject
Project("{FAE04EC0-301F-11D3-BF4B-00C04F79EFBC}") = "LacingAdmin.Model", "LacingAdmin.Model\LacingAdmin.Model.csproj", "{918AE1FA-5577-4384-A649-DBC7F5A92D64}"
EndProject
Global
	GlobalSection(SolutionConfigurationPlatforms) = preSolution
		Debug|Any CPU = Debug|Any CPU
		Release|Any CPU = Release|Any CPU
	EndGlobalSection
	GlobalSection(ProjectConfigurationPlatforms) = postSolution
		{ECA39441-F99A-4E60-BD15-55068E9882CA}.Debug|Any CPU.ActiveCfg = Debug|Any CPU
		{ECA39441-F99A-4E60-BD15-55068E9882CA}.Debug|Any CPU.Build.0 = Debug|Any CPU
		{ECA39441-F99A-4E60-BD15-55068E9882CA}.Release|Any CPU.ActiveCfg = Release|Any CPU
		{ECA39441-F99A-4E60-BD15-55068E9882CA}.Release|Any CPU.Build.0 = Release|Any CPU
		{FC9E72AC-7C47-4BD2-938C-F25B42CEF8BE}.Debug|Any CPU.ActiveCfg = Debug|Any CPU
		{FC9E72AC-7C47-4BD2-938C-F25B42CEF8BE}.Debug|Any CPU.Build.0 = Debug|Any CPU
		{FC9E72AC-7C47-4BD2-938C-F25B42CEF8BE}.Release|Any CPU.ActiveCfg = Release|Any CPU
		{FC9E72AC-7C47-4BD2-938C-F25B42CEF8BE}.Release|Any CPU.Build.0 = Release|Any CPU
		{9793FCEB-32A9-4EF5-BD3E-1D1860766E1D}.Debug|Any CPU.ActiveCfg = Debug|Any CPU
		{9793FCEB-32A9-4EF5-BD3E-1D1860766E1D}.Debug|Any CPU.Build.0 = Debug|Any CPU
		{9793FCEB-32A9-4EF5-BD3E-1D1860766E1D}.Release|Any CPU.ActiveCfg = Release|Any CPU
		{9793FCEB-32A9-4EF5-BD3E-1D1860766E1D}.Release|Any CPU.Build.0 = Release|Any CPU
		{918AE1FA-5577-4384-A649-DBC7F5A92D64}.Debug|Any CPU.ActiveCfg = Debug|Any CPU
		{918AE1FA-5577-4384-A649-DBC7F5A92D64}.Debug|Any CPU.Build.0 = Debug|Any CPU
		{918AE1FA-5577-4384-A649-DBC7F5A92D64}.Release|Any CPU.ActiveCfg = Release|Any CPU
		{918AE1FA-5577-4384-A649-DBC7F5A92D64}.Release|Any CPU.Build.0 = Release|Any CPU
	EndGlobalSection
	GlobalSection(SolutionProperties) = preSolution
		HideSolutionNode = FALSE
	EndGlobalSection
	GlobalSection(NestedProjects) = preSolution
		{ECA39441-F99A-4E60-BD15-55068E9882CA} = {88A8CD73-A7D2-447E-96D2-48D8A2B4789C}
		{FC9E72AC-7C47-4BD2-938C-F25B42CEF8BE} = {A0434B32-23A3-4824-A6E4-42F8BC227129}
		{9793FCEB-32A9-4EF5-BD3E-1D1860766E1D} = {A0434B32-23A3-4824-A6E4-42F8BC227129}
		{918AE1FA-5577-4384-A649-DBC7F5A92D64} = {5FBA7704-94AA-47D4-9082-51C007ECE419}
	EndGlobalSection
	GlobalSection(ExtensibilityGlobals) = postSolution
		EnterpriseLibraryConfigurationToolBinariesPathV6 = packages\EnterpriseLibrary.Common.6.0.1304.0\lib\NET45;packages\EnterpriseLibrary.Data.6.0.1304.0\lib\NET45
		SolutionGuid = {4BD1A453-9805-4559-82FE-E4C79E830333}
	EndGlobalSection
EndGlobal
